// !$*UTF8*$!
{
	archiveVersion = 1;
	classes = {
	};
	objectVersion = 55;
	objects = {

/* Begin PBXBuildFile section */
		2517D7F4BC7CB6A0711D7A16 /* Pods_challenge_food.framework in Frameworks */ = {isa = PBXBuildFile; fileRef = 2F21F5C310BDBD5436C30E8F /* Pods_challenge_food.framework */; };
		8826AE2527AA11D800215304 /* APIManager.swift in Sources */ = {isa = PBXBuildFile; fileRef = 8826AE2427AA11D800215304 /* APIManager.swift */; };
		8826AE2827AA125600215304 /* Food.swift in Sources */ = {isa = PBXBuildFile; fileRef = 8826AE2727AA125600215304 /* Food.swift */; };
		8826AE2A27AA16CB00215304 /* Foods.swift in Sources */ = {isa = PBXBuildFile; fileRef = 8826AE2927AA16CB00215304 /* Foods.swift */; };
		8826AE2D27AA253800215304 /* Constants.swift in Sources */ = {isa = PBXBuildFile; fileRef = 8826AE2C27AA253800215304 /* Constants.swift */; };
		88366DE727A89BCC004EE22C /* AppDelegate.swift in Sources */ = {isa = PBXBuildFile; fileRef = 88366DE627A89BCC004EE22C /* AppDelegate.swift */; };
		88366DE927A89BCC004EE22C /* SceneDelegate.swift in Sources */ = {isa = PBXBuildFile; fileRef = 88366DE827A89BCC004EE22C /* SceneDelegate.swift */; };
		88366DEB27A89BCC004EE22C /* ViewController.swift in Sources */ = {isa = PBXBuildFile; fileRef = 88366DEA27A89BCC004EE22C /* ViewController.swift */; };
		88366DEE27A89BCC004EE22C /* Main.storyboard in Resources */ = {isa = PBXBuildFile; fileRef = 88366DEC27A89BCC004EE22C /* Main.storyboard */; };
		88366DF027A89BD2004EE22C /* Assets.xcassets in Resources */ = {isa = PBXBuildFile; fileRef = 88366DEF27A89BD2004EE22C /* Assets.xcassets */; };
		88366DF327A89BD2004EE22C /* LaunchScreen.storyboard in Resources */ = {isa = PBXBuildFile; fileRef = 88366DF127A89BD2004EE22C /* LaunchScreen.storyboard */; };
		88366DFE27A89BD3004EE22C /* challenge_foodTests.swift in Sources */ = {isa = PBXBuildFile; fileRef = 88366DFD27A89BD3004EE22C /* challenge_foodTests.swift */; };
		88366E0827A89BD3004EE22C /* challenge_foodUITests.swift in Sources */ = {isa = PBXBuildFile; fileRef = 88366E0727A89BD3004EE22C /* challenge_foodUITests.swift */; };
		88366E0A27A89BD3004EE22C /* challenge_foodUITestsLaunchTests.swift in Sources */ = {isa = PBXBuildFile; fileRef = 88366E0927A89BD3004EE22C /* challenge_foodUITestsLaunchTests.swift */; };
		88366E1D27A8A2CE004EE22C /* ListFoodVC.swift in Sources */ = {isa = PBXBuildFile; fileRef = 88366E1B27A8A2CE004EE22C /* ListFoodVC.swift */; };
		88366E1E27A8A2CE004EE22C /* ListFoodVC.xib in Resources */ = {isa = PBXBuildFile; fileRef = 88366E1C27A8A2CE004EE22C /* ListFoodVC.xib */; };
		88366E2227A8A346004EE22C /* ListFoodRouter.swift in Sources */ = {isa = PBXBuildFile; fileRef = 88366E2127A8A346004EE22C /* ListFoodRouter.swift */; };
		88366E2627A8A6DB004EE22C /* FoodCell.swift in Sources */ = {isa = PBXBuildFile; fileRef = 88366E2427A8A6DB004EE22C /* FoodCell.swift */; };
		88366E2727A8A6DB004EE22C /* FoodCell.xib in Resources */ = {isa = PBXBuildFile; fileRef = 88366E2527A8A6DB004EE22C /* FoodCell.xib */; };
		88366E2A27A8AA25004EE22C /* ListFoodViewModel.swift in Sources */ = {isa = PBXBuildFile; fileRef = 88366E2927A8AA25004EE22C /* ListFoodViewModel.swift */; };
		888950258CC40286D5D2AF5E /* Pods_challenge_food_challenge_foodUITests.framework in Frameworks */ = {isa = PBXBuildFile; fileRef = BAE0B0AAFD67FC0AA10DD91B /* Pods_challenge_food_challenge_foodUITests.framework */; };
		889AD06627ABDEAE006B6FB8 /* DetailViewVC.swift in Sources */ = {isa = PBXBuildFile; fileRef = 889AD06427ABDEAE006B6FB8 /* DetailViewVC.swift */; };
		889AD06727ABDEAE006B6FB8 /* DetailViewVC.xib in Resources */ = {isa = PBXBuildFile; fileRef = 889AD06527ABDEAE006B6FB8 /* DetailViewVC.xib */; };
		889AD06B27ABE5AD006B6FB8 /* DetailViewRouter.swift in Sources */ = {isa = PBXBuildFile; fileRef = 889AD06A27ABE5AD006B6FB8 /* DetailViewRouter.swift */; };
		889AD06E27AC8DCB006B6FB8 /* String+Extensions.swift in Sources */ = {isa = PBXBuildFile; fileRef = 889AD06D27AC8DCA006B6FB8 /* String+Extensions.swift */; };
		889AD07127ACA47A006B6FB8 /* DetailViewModel.swift in Sources */ = {isa = PBXBuildFile; fileRef = 889AD07027ACA479006B6FB8 /* DetailViewModel.swift */; };
		A407FC6A970C17FDBC8C736A /* Pods_challenge_foodTests.framework in Frameworks */ = {isa = PBXBuildFile; fileRef = 346116197FC9B4383B7B2A61 /* Pods_challenge_foodTests.framework */; };
/* End PBXBuildFile section */

/* Begin PBXContainerItemProxy section */
		88366DFA27A89BD3004EE22C /* PBXContainerItemProxy */ = {
			isa = PBXContainerItemProxy;
			containerPortal = 88366DDB27A89BCC004EE22C /* Project object */;
			proxyType = 1;
			remoteGlobalIDString = 88366DE227A89BCC004EE22C;
			remoteInfo = "challenge-food";
		};
		88366E0427A89BD3004EE22C /* PBXContainerItemProxy */ = {
			isa = PBXContainerItemProxy;
			containerPortal = 88366DDB27A89BCC004EE22C /* Project object */;
			proxyType = 1;
			remoteGlobalIDString = 88366DE227A89BCC004EE22C;
			remoteInfo = "challenge-food";
		};
/* End PBXContainerItemProxy section */

/* Begin PBXFileReference section */
		2F21F5C310BDBD5436C30E8F /* Pods_challenge_food.framework */ = {isa = PBXFileReference; explicitFileType = wrapper.framework; includeInIndex = 0; path = Pods_challenge_food.framework; sourceTree = BUILT_PRODUCTS_DIR; };
		346116197FC9B4383B7B2A61 /* Pods_challenge_foodTests.framework */ = {isa = PBXFileReference; explicitFileType = wrapper.framework; includeInIndex = 0; path = Pods_challenge_foodTests.framework; sourceTree = BUILT_PRODUCTS_DIR; };
		62E7FBA80E8231DF9154E945 /* Pods-challenge-food.debug.xcconfig */ = {isa = PBXFileReference; includeInIndex = 1; lastKnownFileType = text.xcconfig; name = "Pods-challenge-food.debug.xcconfig"; path = "Target Support Files/Pods-challenge-food/Pods-challenge-food.debug.xcconfig"; sourceTree = "<group>"; };
		85C21AD71B439E29A3085E5E /* Pods-challenge-food-challenge-foodUITests.debug.xcconfig */ = {isa = PBXFileReference; includeInIndex = 1; lastKnownFileType = text.xcconfig; name = "Pods-challenge-food-challenge-foodUITests.debug.xcconfig"; path = "Target Support Files/Pods-challenge-food-challenge-foodUITests/Pods-challenge-food-challenge-foodUITests.debug.xcconfig"; sourceTree = "<group>"; };
		8826AE2427AA11D800215304 /* APIManager.swift */ = {isa = PBXFileReference; lastKnownFileType = sourcecode.swift; path = APIManager.swift; sourceTree = "<group>"; };
		8826AE2727AA125600215304 /* Food.swift */ = {isa = PBXFileReference; lastKnownFileType = sourcecode.swift; path = Food.swift; sourceTree = "<group>"; };
		8826AE2927AA16CB00215304 /* Foods.swift */ = {isa = PBXFileReference; lastKnownFileType = sourcecode.swift; path = Foods.swift; sourceTree = "<group>"; };
		8826AE2C27AA253800215304 /* Constants.swift */ = {isa = PBXFileReference; lastKnownFileType = sourcecode.swift; path = Constants.swift; sourceTree = "<group>"; };
		88366DE327A89BCC004EE22C /* challenge-food.app */ = {isa = PBXFileReference; explicitFileType = wrapper.application; includeInIndex = 0; path = "challenge-food.app"; sourceTree = BUILT_PRODUCTS_DIR; };
		88366DE627A89BCC004EE22C /* AppDelegate.swift */ = {isa = PBXFileReference; lastKnownFileType = sourcecode.swift; path = AppDelegate.swift; sourceTree = "<group>"; };
		88366DE827A89BCC004EE22C /* SceneDelegate.swift */ = {isa = PBXFileReference; lastKnownFileType = sourcecode.swift; path = SceneDelegate.swift; sourceTree = "<group>"; };
		88366DEA27A89BCC004EE22C /* ViewController.swift */ = {isa = PBXFileReference; lastKnownFileType = sourcecode.swift; path = ViewController.swift; sourceTree = "<group>"; };
		88366DED27A89BCC004EE22C /* Base */ = {isa = PBXFileReference; lastKnownFileType = file.storyboard; name = Base; path = Base.lproj/Main.storyboard; sourceTree = "<group>"; };
		88366DEF27A89BD2004EE22C /* Assets.xcassets */ = {isa = PBXFileReference; lastKnownFileType = folder.assetcatalog; path = Assets.xcassets; sourceTree = "<group>"; };
		88366DF227A89BD2004EE22C /* Base */ = {isa = PBXFileReference; lastKnownFileType = file.storyboard; name = Base; path = Base.lproj/LaunchScreen.storyboard; sourceTree = "<group>"; };
		88366DF427A89BD2004EE22C /* Info.plist */ = {isa = PBXFileReference; lastKnownFileType = text.plist.xml; path = Info.plist; sourceTree = "<group>"; };
		88366DF927A89BD3004EE22C /* challenge-foodTests.xctest */ = {isa = PBXFileReference; explicitFileType = wrapper.cfbundle; includeInIndex = 0; path = "challenge-foodTests.xctest"; sourceTree = BUILT_PRODUCTS_DIR; };
		88366DFD27A89BD3004EE22C /* challenge_foodTests.swift */ = {isa = PBXFileReference; lastKnownFileType = sourcecode.swift; path = challenge_foodTests.swift; sourceTree = "<group>"; };
		88366E0327A89BD3004EE22C /* challenge-foodUITests.xctest */ = {isa = PBXFileReference; explicitFileType = wrapper.cfbundle; includeInIndex = 0; path = "challenge-foodUITests.xctest"; sourceTree = BUILT_PRODUCTS_DIR; };
		88366E0727A89BD3004EE22C /* challenge_foodUITests.swift */ = {isa = PBXFileReference; lastKnownFileType = sourcecode.swift; path = challenge_foodUITests.swift; sourceTree = "<group>"; };
		88366E0927A89BD3004EE22C /* challenge_foodUITestsLaunchTests.swift */ = {isa = PBXFileReference; lastKnownFileType = sourcecode.swift; path = challenge_foodUITestsLaunchTests.swift; sourceTree = "<group>"; };
		88366E1B27A8A2CE004EE22C /* ListFoodVC.swift */ = {isa = PBXFileReference; lastKnownFileType = sourcecode.swift; path = ListFoodVC.swift; sourceTree = "<group>"; };
		88366E1C27A8A2CE004EE22C /* ListFoodVC.xib */ = {isa = PBXFileReference; lastKnownFileType = file.xib; path = ListFoodVC.xib; sourceTree = "<group>"; };
		88366E2127A8A346004EE22C /* ListFoodRouter.swift */ = {isa = PBXFileReference; lastKnownFileType = sourcecode.swift; path = ListFoodRouter.swift; sourceTree = "<group>"; };
		88366E2427A8A6DB004EE22C /* FoodCell.swift */ = {isa = PBXFileReference; lastKnownFileType = sourcecode.swift; path = FoodCell.swift; sourceTree = "<group>"; };
		88366E2527A8A6DB004EE22C /* FoodCell.xib */ = {isa = PBXFileReference; lastKnownFileType = file.xib; path = FoodCell.xib; sourceTree = "<group>"; };
		88366E2927A8AA25004EE22C /* ListFoodViewModel.swift */ = {isa = PBXFileReference; lastKnownFileType = sourcecode.swift; path = ListFoodViewModel.swift; sourceTree = "<group>"; };
		889AD06427ABDEAE006B6FB8 /* DetailViewVC.swift */ = {isa = PBXFileReference; lastKnownFileType = sourcecode.swift; path = DetailViewVC.swift; sourceTree = "<group>"; };
		889AD06527ABDEAE006B6FB8 /* DetailViewVC.xib */ = {isa = PBXFileReference; lastKnownFileType = file.xib; path = DetailViewVC.xib; sourceTree = "<group>"; };
		889AD06A27ABE5AD006B6FB8 /* DetailViewRouter.swift */ = {isa = PBXFileReference; lastKnownFileType = sourcecode.swift; path = DetailViewRouter.swift; sourceTree = "<group>"; };
		889AD06D27AC8DCA006B6FB8 /* String+Extensions.swift */ = {isa = PBXFileReference; lastKnownFileType = sourcecode.swift; path = "String+Extensions.swift"; sourceTree = "<group>"; };
		889AD07027ACA479006B6FB8 /* DetailViewModel.swift */ = {isa = PBXFileReference; lastKnownFileType = sourcecode.swift; path = DetailViewModel.swift; sourceTree = "<group>"; };
		92188A024A135C9DE2B05EFE /* Pods-challenge-food.release.xcconfig */ = {isa = PBXFileReference; includeInIndex = 1; lastKnownFileType = text.xcconfig; name = "Pods-challenge-food.release.xcconfig"; path = "Target Support Files/Pods-challenge-food/Pods-challenge-food.release.xcconfig"; sourceTree = "<group>"; };
		AD3D9BE48B964F4E01F5D09E /* Pods-challenge-foodTests.debug.xcconfig */ = {isa = PBXFileReference; includeInIndex = 1; lastKnownFileType = text.xcconfig; name = "Pods-challenge-foodTests.debug.xcconfig"; path = "Target Support Files/Pods-challenge-foodTests/Pods-challenge-foodTests.debug.xcconfig"; sourceTree = "<group>"; };
		B7B69FAFDF877D451B30ED77 /* Pods-challenge-foodTests.release.xcconfig */ = {isa = PBXFileReference; includeInIndex = 1; lastKnownFileType = text.xcconfig; name = "Pods-challenge-foodTests.release.xcconfig"; path = "Target Support Files/Pods-challenge-foodTests/Pods-challenge-foodTests.release.xcconfig"; sourceTree = "<group>"; };
		BAE0B0AAFD67FC0AA10DD91B /* Pods_challenge_food_challenge_foodUITests.framework */ = {isa = PBXFileReference; explicitFileType = wrapper.framework; includeInIndex = 0; path = Pods_challenge_food_challenge_foodUITests.framework; sourceTree = BUILT_PRODUCTS_DIR; };
		D8AD2647AFBE242652982DDF /* Pods-challenge-food-challenge-foodUITests.release.xcconfig */ = {isa = PBXFileReference; includeInIndex = 1; lastKnownFileType = text.xcconfig; name = "Pods-challenge-food-challenge-foodUITests.release.xcconfig"; path = "Target Support Files/Pods-challenge-food-challenge-foodUITests/Pods-challenge-food-challenge-foodUITests.release.xcconfig"; sourceTree = "<group>"; };
/* End PBXFileReference section */

/* Begin PBXFrameworksBuildPhase section */
		88366DE027A89BCC004EE22C /* Frameworks */ = {
			isa = PBXFrameworksBuildPhase;
			buildActionMask = 2147483647;
			files = (
				2517D7F4BC7CB6A0711D7A16 /* Pods_challenge_food.framework in Frameworks */,
			);
			runOnlyForDeploymentPostprocessing = 0;
		};
		88366DF627A89BD3004EE22C /* Frameworks */ = {
			isa = PBXFrameworksBuildPhase;
			buildActionMask = 2147483647;
			files = (
				A407FC6A970C17FDBC8C736A /* Pods_challenge_foodTests.framework in Frameworks */,
			);
			runOnlyForDeploymentPostprocessing = 0;
		};
		88366E0027A89BD3004EE22C /* Frameworks */ = {
			isa = PBXFrameworksBuildPhase;
			buildActionMask = 2147483647;
			files = (
				888950258CC40286D5D2AF5E /* Pods_challenge_food_challenge_foodUITests.framework in Frameworks */,
			);
			runOnlyForDeploymentPostprocessing = 0;
		};
/* End PBXFrameworksBuildPhase section */

/* Begin PBXGroup section */
		8826AE2327AA102400215304 /* Network */ = {
			isa = PBXGroup;
			children = (
				8826AE2427AA11D800215304 /* APIManager.swift */,
			);
			path = Network;
			sourceTree = "<group>";
		};
		8826AE2627AA124700215304 /* Model */ = {
			isa = PBXGroup;
			children = (
				8826AE2727AA125600215304 /* Food.swift */,
				8826AE2927AA16CB00215304 /* Foods.swift */,
			);
			path = Model;
			sourceTree = "<group>";
		};
		8826AE2B27AA24F000215304 /* Helpers */ = {
			isa = PBXGroup;
			children = (
				8826AE2C27AA253800215304 /* Constants.swift */,
			);
			path = Helpers;
			sourceTree = "<group>";
		};
		88366DDA27A89BCC004EE22C = {
			isa = PBXGroup;
			children = (
				88366DE527A89BCC004EE22C /* challenge-food */,
				88366DFC27A89BD3004EE22C /* challenge-foodTests */,
				88366E0627A89BD3004EE22C /* challenge-foodUITests */,
				88366DE427A89BCC004EE22C /* Products */,
				F55905B23DE0149A76BEF841 /* Pods */,
				C0C92AF28F61C38B755576AC /* Frameworks */,
			);
			sourceTree = "<group>";
		};
		88366DE427A89BCC004EE22C /* Products */ = {
			isa = PBXGroup;
			children = (
				88366DE327A89BCC004EE22C /* challenge-food.app */,
				88366DF927A89BD3004EE22C /* challenge-foodTests.xctest */,
				88366E0327A89BD3004EE22C /* challenge-foodUITests.xctest */,
			);
			name = Products;
			sourceTree = "<group>";
		};
		88366DE527A89BCC004EE22C /* challenge-food */ = {
			isa = PBXGroup;
			children = (
				889AD06C27AC8DA4006B6FB8 /* Extensions */,
				8826AE2B27AA24F000215304 /* Helpers */,
				8826AE2327AA102400215304 /* Network */,
				88366E1627A89FF6004EE22C /* UseCases */,
				88366DE627A89BCC004EE22C /* AppDelegate.swift */,
				88366DE827A89BCC004EE22C /* SceneDelegate.swift */,
				88366DEA27A89BCC004EE22C /* ViewController.swift */,
				88366DEC27A89BCC004EE22C /* Main.storyboard */,
				88366DEF27A89BD2004EE22C /* Assets.xcassets */,
				88366DF127A89BD2004EE22C /* LaunchScreen.storyboard */,
				88366DF427A89BD2004EE22C /* Info.plist */,
			);
			path = "challenge-food";
			sourceTree = "<group>";
		};
		88366DFC27A89BD3004EE22C /* challenge-foodTests */ = {
			isa = PBXGroup;
			children = (
				88366DFD27A89BD3004EE22C /* challenge_foodTests.swift */,
			);
			path = "challenge-foodTests";
			sourceTree = "<group>";
		};
		88366E0627A89BD3004EE22C /* challenge-foodUITests */ = {
			isa = PBXGroup;
			children = (
				88366E0727A89BD3004EE22C /* challenge_foodUITests.swift */,
				88366E0927A89BD3004EE22C /* challenge_foodUITestsLaunchTests.swift */,
			);
			path = "challenge-foodUITests";
			sourceTree = "<group>";
		};
		88366E1627A89FF6004EE22C /* UseCases */ = {
			isa = PBXGroup;
			children = (
				889AD06227ABDE6D006B6FB8 /* Detail */,
				88366E1927A8A11A004EE22C /* ListFood */,
			);
			path = UseCases;
			sourceTree = "<group>";
		};
		88366E1927A8A11A004EE22C /* ListFood */ = {
			isa = PBXGroup;
			children = (
				8826AE2627AA124700215304 /* Model */,
				88366E2027A8A2DF004EE22C /* ViewModel */,
				88366E1F27A8A2D4004EE22C /* View */,
				88366E1A27A8A132004EE22C /* Controller */,
				88366E2327A8A59C004EE22C /* Router */,
			);
			path = ListFood;
			sourceTree = "<group>";
		};
		88366E1A27A8A132004EE22C /* Controller */ = {
			isa = PBXGroup;
			children = (
				88366E1B27A8A2CE004EE22C /* ListFoodVC.swift */,
			);
			path = Controller;
			sourceTree = "<group>";
		};
		88366E1F27A8A2D4004EE22C /* View */ = {
			isa = PBXGroup;
			children = (
				88366E2827A8A6E4004EE22C /* FoodCell */,
				88366E1C27A8A2CE004EE22C /* ListFoodVC.xib */,
			);
			path = View;
			sourceTree = "<group>";
		};
		88366E2027A8A2DF004EE22C /* ViewModel */ = {
			isa = PBXGroup;
			children = (
				88366E2927A8AA25004EE22C /* ListFoodViewModel.swift */,
			);
			path = ViewModel;
			sourceTree = "<group>";
		};
		88366E2327A8A59C004EE22C /* Router */ = {
			isa = PBXGroup;
			children = (
				88366E2127A8A346004EE22C /* ListFoodRouter.swift */,
			);
			path = Router;
			sourceTree = "<group>";
		};
		88366E2827A8A6E4004EE22C /* FoodCell */ = {
			isa = PBXGroup;
			children = (
				88366E2427A8A6DB004EE22C /* FoodCell.swift */,
				88366E2527A8A6DB004EE22C /* FoodCell.xib */,
			);
			path = FoodCell;
			sourceTree = "<group>";
		};
		889AD06227ABDE6D006B6FB8 /* Detail */ = {
			isa = PBXGroup;
			children = (
				889AD06F27ACA444006B6FB8 /* ViewModel */,
				889AD06927ABE596006B6FB8 /* Router */,
				889AD06827ABDEB4006B6FB8 /* Controller */,
				889AD06327ABDE75006B6FB8 /* View */,
			);
			path = Detail;
			sourceTree = "<group>";
		};
		889AD06327ABDE75006B6FB8 /* View */ = {
			isa = PBXGroup;
			children = (
				889AD06527ABDEAE006B6FB8 /* DetailViewVC.xib */,
			);
			path = View;
			sourceTree = "<group>";
		};
		889AD06827ABDEB4006B6FB8 /* Controller */ = {
			isa = PBXGroup;
			children = (
				889AD06427ABDEAE006B6FB8 /* DetailViewVC.swift */,
			);
			path = Controller;
			sourceTree = "<group>";
		};
		889AD06927ABE596006B6FB8 /* Router */ = {
			isa = PBXGroup;
			children = (
				889AD06A27ABE5AD006B6FB8 /* DetailViewRouter.swift */,
			);
			path = Router;
			sourceTree = "<group>";
		};
		889AD06C27AC8DA4006B6FB8 /* Extensions */ = {
			isa = PBXGroup;
			children = (
				889AD06D27AC8DCA006B6FB8 /* String+Extensions.swift */,
			);
			path = Extensions;
			sourceTree = "<group>";
		};
		889AD06F27ACA444006B6FB8 /* ViewModel */ = {
			isa = PBXGroup;
			children = (
				889AD07027ACA479006B6FB8 /* DetailViewModel.swift */,
			);
			path = ViewModel;
			sourceTree = "<group>";
		};
		C0C92AF28F61C38B755576AC /* Frameworks */ = {
			isa = PBXGroup;
			children = (
				2F21F5C310BDBD5436C30E8F /* Pods_challenge_food.framework */,
				BAE0B0AAFD67FC0AA10DD91B /* Pods_challenge_food_challenge_foodUITests.framework */,
				346116197FC9B4383B7B2A61 /* Pods_challenge_foodTests.framework */,
			);
			name = Frameworks;
			sourceTree = "<group>";
		};
		F55905B23DE0149A76BEF841 /* Pods */ = {
			isa = PBXGroup;
			children = (
				62E7FBA80E8231DF9154E945 /* Pods-challenge-food.debug.xcconfig */,
				92188A024A135C9DE2B05EFE /* Pods-challenge-food.release.xcconfig */,
				85C21AD71B439E29A3085E5E /* Pods-challenge-food-challenge-foodUITests.debug.xcconfig */,
				D8AD2647AFBE242652982DDF /* Pods-challenge-food-challenge-foodUITests.release.xcconfig */,
				AD3D9BE48B964F4E01F5D09E /* Pods-challenge-foodTests.debug.xcconfig */,
				B7B69FAFDF877D451B30ED77 /* Pods-challenge-foodTests.release.xcconfig */,
			);
			path = Pods;
			sourceTree = "<group>";
		};
/* End PBXGroup section */

/* Begin PBXNativeTarget section */
		88366DE227A89BCC004EE22C /* challenge-food */ = {
			isa = PBXNativeTarget;
			buildConfigurationList = 88366E0D27A89BD3004EE22C /* Build configuration list for PBXNativeTarget "challenge-food" */;
			buildPhases = (
				72CE5ABD4D0953432D1B265C /* [CP] Check Pods Manifest.lock */,
				88366DDF27A89BCC004EE22C /* Sources */,
				88366DE027A89BCC004EE22C /* Frameworks */,
				88366DE127A89BCC004EE22C /* Resources */,
				F8098D6D223E596630EAF1B9 /* [CP] Embed Pods Frameworks */,
			);
			buildRules = (
			);
			dependencies = (
			);
			name = "challenge-food";
			productName = "challenge-food";
			productReference = 88366DE327A89BCC004EE22C /* challenge-food.app */;
			productType = "com.apple.product-type.application";
		};
		88366DF827A89BD3004EE22C /* challenge-foodTests */ = {
			isa = PBXNativeTarget;
			buildConfigurationList = 88366E1027A89BD3004EE22C /* Build configuration list for PBXNativeTarget "challenge-foodTests" */;
			buildPhases = (
				00D47AC492285896D192811C /* [CP] Check Pods Manifest.lock */,
				88366DF527A89BD3004EE22C /* Sources */,
				88366DF627A89BD3004EE22C /* Frameworks */,
				88366DF727A89BD3004EE22C /* Resources */,
			);
			buildRules = (
			);
			dependencies = (
				88366DFB27A89BD3004EE22C /* PBXTargetDependency */,
			);
			name = "challenge-foodTests";
			productName = "challenge-foodTests";
			productReference = 88366DF927A89BD3004EE22C /* challenge-foodTests.xctest */;
			productType = "com.apple.product-type.bundle.unit-test";
		};
		88366E0227A89BD3004EE22C /* challenge-foodUITests */ = {
			isa = PBXNativeTarget;
			buildConfigurationList = 88366E1327A89BD3004EE22C /* Build configuration list for PBXNativeTarget "challenge-foodUITests" */;
			buildPhases = (
				D897184A20352261A5A4A885 /* [CP] Check Pods Manifest.lock */,
				88366DFF27A89BD3004EE22C /* Sources */,
				88366E0027A89BD3004EE22C /* Frameworks */,
				88366E0127A89BD3004EE22C /* Resources */,
				42B6E1BED351D5D0B895A8E4 /* [CP] Embed Pods Frameworks */,
			);
			buildRules = (
			);
			dependencies = (
				88366E0527A89BD3004EE22C /* PBXTargetDependency */,
			);
			name = "challenge-foodUITests";
			productName = "challenge-foodUITests";
			productReference = 88366E0327A89BD3004EE22C /* challenge-foodUITests.xctest */;
			productType = "com.apple.product-type.bundle.ui-testing";
		};
/* End PBXNativeTarget section */

/* Begin PBXProject section */
		88366DDB27A89BCC004EE22C /* Project object */ = {
			isa = PBXProject;
			attributes = {
				BuildIndependentTargetsInParallel = 1;
				LastSwiftUpdateCheck = 1320;
				LastUpgradeCheck = 1320;
				TargetAttributes = {
					88366DE227A89BCC004EE22C = {
						CreatedOnToolsVersion = 13.2.1;
					};
					88366DF827A89BD3004EE22C = {
						CreatedOnToolsVersion = 13.2.1;
						TestTargetID = 88366DE227A89BCC004EE22C;
					};
					88366E0227A89BD3004EE22C = {
						CreatedOnToolsVersion = 13.2.1;
						TestTargetID = 88366DE227A89BCC004EE22C;
					};
				};
			};
			buildConfigurationList = 88366DDE27A89BCC004EE22C /* Build configuration list for PBXProject "challenge-food" */;
			compatibilityVersion = "Xcode 13.0";
			developmentRegion = en;
			hasScannedForEncodings = 0;
			knownRegions = (
				en,
				Base,
			);
			mainGroup = 88366DDA27A89BCC004EE22C;
			productRefGroup = 88366DE427A89BCC004EE22C /* Products */;
			projectDirPath = "";
			projectRoot = "";
			targets = (
				88366DE227A89BCC004EE22C /* challenge-food */,
				88366DF827A89BD3004EE22C /* challenge-foodTests */,
				88366E0227A89BD3004EE22C /* challenge-foodUITests */,
			);
		};
/* End PBXProject section */

/* Begin PBXResourcesBuildPhase section */
		88366DE127A89BCC004EE22C /* Resources */ = {
			isa = PBXResourcesBuildPhase;
			buildActionMask = 2147483647;
			files = (
				889AD06727ABDEAE006B6FB8 /* DetailViewVC.xib in Resources */,
				88366E1E27A8A2CE004EE22C /* ListFoodVC.xib in Resources */,
				88366DF327A89BD2004EE22C /* LaunchScreen.storyboard in Resources */,
				88366E2727A8A6DB004EE22C /* FoodCell.xib in Resources */,
				88366DF027A89BD2004EE22C /* Assets.xcassets in Resources */,
				88366DEE27A89BCC004EE22C /* Main.storyboard in Resources */,
			);
			runOnlyForDeploymentPostprocessing = 0;
		};
		88366DF727A89BD3004EE22C /* Resources */ = {
			isa = PBXResourcesBuildPhase;
			buildActionMask = 2147483647;
			files = (
			);
			runOnlyForDeploymentPostprocessing = 0;
		};
		88366E0127A89BD3004EE22C /* Resources */ = {
			isa = PBXResourcesBuildPhase;
			buildActionMask = 2147483647;
			files = (
			);
			runOnlyForDeploymentPostprocessing = 0;
		};
/* End PBXResourcesBuildPhase section */

/* Begin PBXShellScriptBuildPhase section */
		00D47AC492285896D192811C /* [CP] Check Pods Manifest.lock */ = {
			isa = PBXShellScriptBuildPhase;
			buildActionMask = 2147483647;
			files = (
			);
			inputFileListPaths = (
			);
			inputPaths = (
				"${PODS_PODFILE_DIR_PATH}/Podfile.lock",
				"${PODS_ROOT}/Manifest.lock",
			);
			name = "[CP] Check Pods Manifest.lock";
			outputFileListPaths = (
			);
			outputPaths = (
				"$(DERIVED_FILE_DIR)/Pods-challenge-foodTests-checkManifestLockResult.txt",
			);
			runOnlyForDeploymentPostprocessing = 0;
			shellPath = /bin/sh;
			shellScript = "diff \"${PODS_PODFILE_DIR_PATH}/Podfile.lock\" \"${PODS_ROOT}/Manifest.lock\" > /dev/null\nif [ $? != 0 ] ; then\n    # print error to STDERR\n    echo \"error: The sandbox is not in sync with the Podfile.lock. Run 'pod install' or update your CocoaPods installation.\" >&2\n    exit 1\nfi\n# This output is used by Xcode 'outputs' to avoid re-running this script phase.\necho \"SUCCESS\" > \"${SCRIPT_OUTPUT_FILE_0}\"\n";
			showEnvVarsInLog = 0;
		};
		42B6E1BED351D5D0B895A8E4 /* [CP] Embed Pods Frameworks */ = {
			isa = PBXShellScriptBuildPhase;
			buildActionMask = 2147483647;
			files = (
			);
			inputFileListPaths = (
				"${PODS_ROOT}/Target Support Files/Pods-challenge-food-challenge-foodUITests/Pods-challenge-food-challenge-foodUITests-frameworks-${CONFIGURATION}-input-files.xcfilelist",
			);
			name = "[CP] Embed Pods Frameworks";
			outputFileListPaths = (
				"${PODS_ROOT}/Target Support Files/Pods-challenge-food-challenge-foodUITests/Pods-challenge-food-challenge-foodUITests-frameworks-${CONFIGURATION}-output-files.xcfilelist",
			);
			runOnlyForDeploymentPostprocessing = 0;
			shellPath = /bin/sh;
			shellScript = "\"${PODS_ROOT}/Target Support Files/Pods-challenge-food-challenge-foodUITests/Pods-challenge-food-challenge-foodUITests-frameworks.sh\"\n";
			showEnvVarsInLog = 0;
		};
		72CE5ABD4D0953432D1B265C /* [CP] Check Pods Manifest.lock */ = {
			isa = PBXShellScriptBuildPhase;
			buildActionMask = 2147483647;
			files = (
			);
			inputFileListPaths = (
			);
			inputPaths = (
				"${PODS_PODFILE_DIR_PATH}/Podfile.lock",
				"${PODS_ROOT}/Manifest.lock",
			);
			name = "[CP] Check Pods Manifest.lock";
			outputFileListPaths = (
			);
			outputPaths = (
				"$(DERIVED_FILE_DIR)/Pods-challenge-food-checkManifestLockResult.txt",
			);
			runOnlyForDeploymentPostprocessing = 0;
			shellPath = /bin/sh;
			shellScript = "diff \"${PODS_PODFILE_DIR_PATH}/Podfile.lock\" \"${PODS_ROOT}/Manifest.lock\" > /dev/null\nif [ $? != 0 ] ; then\n    # print error to STDERR\n    echo \"error: The sandbox is not in sync with the Podfile.lock. Run 'pod install' or update your CocoaPods installation.\" >&2\n    exit 1\nfi\n# This output is used by Xcode 'outputs' to avoid re-running this script phase.\necho \"SUCCESS\" > \"${SCRIPT_OUTPUT_FILE_0}\"\n";
			showEnvVarsInLog = 0;
		};
		D897184A20352261A5A4A885 /* [CP] Check Pods Manifest.lock */ = {
			isa = PBXShellScriptBuildPhase;
			buildActionMask = 2147483647;
			files = (
			);
			inputFileListPaths = (
			);
			inputPaths = (
				"${PODS_PODFILE_DIR_PATH}/Podfile.lock",
				"${PODS_ROOT}/Manifest.lock",
			);
			name = "[CP] Check Pods Manifest.lock";
			outputFileListPaths = (
			);
			outputPaths = (
				"$(DERIVED_FILE_DIR)/Pods-challenge-food-challenge-foodUITests-checkManifestLockResult.txt",
			);
			runOnlyForDeploymentPostprocessing = 0;
			shellPath = /bin/sh;
			shellScript = "diff \"${PODS_PODFILE_DIR_PATH}/Podfile.lock\" \"${PODS_ROOT}/Manifest.lock\" > /dev/null\nif [ $? != 0 ] ; then\n    # print error to STDERR\n    echo \"error: The sandbox is not in sync with the Podfile.lock. Run 'pod install' or update your CocoaPods installation.\" >&2\n    exit 1\nfi\n# This output is used by Xcode 'outputs' to avoid re-running this script phase.\necho \"SUCCESS\" > \"${SCRIPT_OUTPUT_FILE_0}\"\n";
			showEnvVarsInLog = 0;
		};
		F8098D6D223E596630EAF1B9 /* [CP] Embed Pods Frameworks */ = {
			isa = PBXShellScriptBuildPhase;
			buildActionMask = 2147483647;
			files = (
			);
			inputFileListPaths = (
				"${PODS_ROOT}/Target Support Files/Pods-challenge-food/Pods-challenge-food-frameworks-${CONFIGURATION}-input-files.xcfilelist",
			);
			name = "[CP] Embed Pods Frameworks";
			outputFileListPaths = (
				"${PODS_ROOT}/Target Support Files/Pods-challenge-food/Pods-challenge-food-frameworks-${CONFIGURATION}-output-files.xcfilelist",
			);
			runOnlyForDeploymentPostprocessing = 0;
			shellPath = /bin/sh;
			shellScript = "\"${PODS_ROOT}/Target Support Files/Pods-challenge-food/Pods-challenge-food-frameworks.sh\"\n";
			showEnvVarsInLog = 0;
		};
/* End PBXShellScriptBuildPhase section */

/* Begin PBXSourcesBuildPhase section */
		88366DDF27A89BCC004EE22C /* Sources */ = {
			isa = PBXSourcesBuildPhase;
			buildActionMask = 2147483647;
			files = (
				88366E1D27A8A2CE004EE22C /* ListFoodVC.swift in Sources */,
				8826AE2D27AA253800215304 /* Constants.swift in Sources */,
				8826AE2527AA11D800215304 /* APIManager.swift in Sources */,
				889AD06B27ABE5AD006B6FB8 /* DetailViewRouter.swift in Sources */,
				88366E2627A8A6DB004EE22C /* FoodCell.swift in Sources */,
				889AD06627ABDEAE006B6FB8 /* DetailViewVC.swift in Sources */,
				88366E2A27A8AA25004EE22C /* ListFoodViewModel.swift in Sources */,
				88366DEB27A89BCC004EE22C /* ViewController.swift in Sources */,
				889AD06E27AC8DCB006B6FB8 /* String+Extensions.swift in Sources */,
				8826AE2A27AA16CB00215304 /* Foods.swift in Sources */,
				8826AE2827AA125600215304 /* Food.swift in Sources */,
				88366E2227A8A346004EE22C /* ListFoodRouter.swift in Sources */,
				88366DE727A89BCC004EE22C /* AppDelegate.swift in Sources */,
				889AD07127ACA47A006B6FB8 /* DetailViewModel.swift in Sources */,
				88366DE927A89BCC004EE22C /* SceneDelegate.swift in Sources */,
			);
			runOnlyForDeploymentPostprocessing = 0;
		};
		88366DF527A89BD3004EE22C /* Sources */ = {
			isa = PBXSourcesBuildPhase;
			buildActionMask = 2147483647;
			files = (
				88366DFE27A89BD3004EE22C /* challenge_foodTests.swift in Sources */,
			);
			runOnlyForDeploymentPostprocessing = 0;
		};
		88366DFF27A89BD3004EE22C /* Sources */ = {
			isa = PBXSourcesBuildPhase;
			buildActionMask = 2147483647;
			files = (
				88366E0A27A89BD3004EE22C /* challenge_foodUITestsLaunchTests.swift in Sources */,
				88366E0827A89BD3004EE22C /* challenge_foodUITests.swift in Sources */,
			);
			runOnlyForDeploymentPostprocessing = 0;
		};
/* End PBXSourcesBuildPhase section */

/* Begin PBXTargetDependency section */
		88366DFB27A89BD3004EE22C /* PBXTargetDependency */ = {
			isa = PBXTargetDependency;
			target = 88366DE227A89BCC004EE22C /* challenge-food */;
			targetProxy = 88366DFA27A89BD3004EE22C /* PBXContainerItemProxy */;
		};
		88366E0527A89BD3004EE22C /* PBXTargetDependency */ = {
			isa = PBXTargetDependency;
			target = 88366DE227A89BCC004EE22C /* challenge-food */;
			targetProxy = 88366E0427A89BD3004EE22C /* PBXContainerItemProxy */;
		};
/* End PBXTargetDependency section */

/* Begin PBXVariantGroup section */
		88366DEC27A89BCC004EE22C /* Main.storyboard */ = {
			isa = PBXVariantGroup;
			children = (
				88366DED27A89BCC004EE22C /* Base */,
			);
			name = Main.storyboard;
			sourceTree = "<group>";
		};
		88366DF127A89BD2004EE22C /* LaunchScreen.storyboard */ = {
			isa = PBXVariantGroup;
			children = (
				88366DF227A89BD2004EE22C /* Base */,
			);
			name = LaunchScreen.storyboard;
			sourceTree = "<group>";
		};
/* End PBXVariantGroup section */

/* Begin XCBuildConfiguration section */
		88366E0B27A89BD3004EE22C /* Debug */ = {
			isa = XCBuildConfiguration;
			buildSettings = {
				ALWAYS_SEARCH_USER_PATHS = NO;
				CLANG_ANALYZER_NONNULL = YES;
				CLANG_ANALYZER_NUMBER_OBJECT_CONVERSION = YES_AGGRESSIVE;
				CLANG_CXX_LANGUAGE_STANDARD = "gnu++17";
				CLANG_CXX_LIBRARY = "libc++";
				CLANG_ENABLE_MODULES = YES;
				CLANG_ENABLE_OBJC_ARC = YES;
				CLANG_ENABLE_OBJC_WEAK = YES;
				CLANG_WARN_BLOCK_CAPTURE_AUTORELEASING = YES;
				CLANG_WARN_BOOL_CONVERSION = YES;
				CLANG_WARN_COMMA = YES;
				CLANG_WARN_CONSTANT_CONVERSION = YES;
				CLANG_WARN_DEPRECATED_OBJC_IMPLEMENTATIONS = YES;
				CLANG_WARN_DIRECT_OBJC_ISA_USAGE = YES_ERROR;
				CLANG_WARN_DOCUMENTATION_COMMENTS = YES;
				CLANG_WARN_EMPTY_BODY = YES;
				CLANG_WARN_ENUM_CONVERSION = YES;
				CLANG_WARN_INFINITE_RECURSION = YES;
				CLANG_WARN_INT_CONVERSION = YES;
				CLANG_WARN_NON_LITERAL_NULL_CONVERSION = YES;
				CLANG_WARN_OBJC_IMPLICIT_RETAIN_SELF = YES;
				CLANG_WARN_OBJC_LITERAL_CONVERSION = YES;
				CLANG_WARN_OBJC_ROOT_CLASS = YES_ERROR;
				CLANG_WARN_QUOTED_INCLUDE_IN_FRAMEWORK_HEADER = YES;
				CLANG_WARN_RANGE_LOOP_ANALYSIS = YES;
				CLANG_WARN_STRICT_PROTOTYPES = YES;
				CLANG_WARN_SUSPICIOUS_MOVE = YES;
				CLANG_WARN_UNGUARDED_AVAILABILITY = YES_AGGRESSIVE;
				CLANG_WARN_UNREACHABLE_CODE = YES;
				CLANG_WARN__DUPLICATE_METHOD_MATCH = YES;
				COPY_PHASE_STRIP = NO;
				DEBUG_INFORMATION_FORMAT = dwarf;
				ENABLE_STRICT_OBJC_MSGSEND = YES;
				ENABLE_TESTABILITY = YES;
				GCC_C_LANGUAGE_STANDARD = gnu11;
				GCC_DYNAMIC_NO_PIC = NO;
				GCC_NO_COMMON_BLOCKS = YES;
				GCC_OPTIMIZATION_LEVEL = 0;
				GCC_PREPROCESSOR_DEFINITIONS = (
					"DEBUG=1",
					"$(inherited)",
				);
				GCC_WARN_64_TO_32_BIT_CONVERSION = YES;
				GCC_WARN_ABOUT_RETURN_TYPE = YES_ERROR;
				GCC_WARN_UNDECLARED_SELECTOR = YES;
				GCC_WARN_UNINITIALIZED_AUTOS = YES_AGGRESSIVE;
				GCC_WARN_UNUSED_FUNCTION = YES;
				GCC_WARN_UNUSED_VARIABLE = YES;
				IPHONEOS_DEPLOYMENT_TARGET = 15.2;
				MTL_ENABLE_DEBUG_INFO = INCLUDE_SOURCE;
				MTL_FAST_MATH = YES;
				ONLY_ACTIVE_ARCH = YES;
				SDKROOT = iphoneos;
				SWIFT_ACTIVE_COMPILATION_CONDITIONS = DEBUG;
				SWIFT_OPTIMIZATION_LEVEL = "-Onone";
			};
			name = Debug;
		};
		88366E0C27A89BD3004EE22C /* Release */ = {
			isa = XCBuildConfiguration;
			buildSettings = {
				ALWAYS_SEARCH_USER_PATHS = NO;
				CLANG_ANALYZER_NONNULL = YES;
				CLANG_ANALYZER_NUMBER_OBJECT_CONVERSION = YES_AGGRESSIVE;
				CLANG_CXX_LANGUAGE_STANDARD = "gnu++17";
				CLANG_CXX_LIBRARY = "libc++";
				CLANG_ENABLE_MODULES = YES;
				CLANG_ENABLE_OBJC_ARC = YES;
				CLANG_ENABLE_OBJC_WEAK = YES;
				CLANG_WARN_BLOCK_CAPTURE_AUTORELEASING = YES;
				CLANG_WARN_BOOL_CONVERSION = YES;
				CLANG_WARN_COMMA = YES;
				CLANG_WARN_CONSTANT_CONVERSION = YES;
				CLANG_WARN_DEPRECATED_OBJC_IMPLEMENTATIONS = YES;
				CLANG_WARN_DIRECT_OBJC_ISA_USAGE = YES_ERROR;
				CLANG_WARN_DOCUMENTATION_COMMENTS = YES;
				CLANG_WARN_EMPTY_BODY = YES;
				CLANG_WARN_ENUM_CONVERSION = YES;
				CLANG_WARN_INFINITE_RECURSION = YES;
				CLANG_WARN_INT_CONVERSION = YES;
				CLANG_WARN_NON_LITERAL_NULL_CONVERSION = YES;
				CLANG_WARN_OBJC_IMPLICIT_RETAIN_SELF = YES;
				CLANG_WARN_OBJC_LITERAL_CONVERSION = YES;
				CLANG_WARN_OBJC_ROOT_CLASS = YES_ERROR;
				CLANG_WARN_QUOTED_INCLUDE_IN_FRAMEWORK_HEADER = YES;
				CLANG_WARN_RANGE_LOOP_ANALYSIS = YES;
				CLANG_WARN_STRICT_PROTOTYPES = YES;
				CLANG_WARN_SUSPICIOUS_MOVE = YES;
				CLANG_WARN_UNGUARDED_AVAILABILITY = YES_AGGRESSIVE;
				CLANG_WARN_UNREACHABLE_CODE = YES;
				CLANG_WARN__DUPLICATE_METHOD_MATCH = YES;
				COPY_PHASE_STRIP = NO;
				DEBUG_INFORMATION_FORMAT = "dwarf-with-dsym";
				ENABLE_NS_ASSERTIONS = NO;
				ENABLE_STRICT_OBJC_MSGSEND = YES;
				GCC_C_LANGUAGE_STANDARD = gnu11;
				GCC_NO_COMMON_BLOCKS = YES;
				GCC_WARN_64_TO_32_BIT_CONVERSION = YES;
				GCC_WARN_ABOUT_RETURN_TYPE = YES_ERROR;
				GCC_WARN_UNDECLARED_SELECTOR = YES;
				GCC_WARN_UNINITIALIZED_AUTOS = YES_AGGRESSIVE;
				GCC_WARN_UNUSED_FUNCTION = YES;
				GCC_WARN_UNUSED_VARIABLE = YES;
				IPHONEOS_DEPLOYMENT_TARGET = 15.2;
				MTL_ENABLE_DEBUG_INFO = NO;
				MTL_FAST_MATH = YES;
				SDKROOT = iphoneos;
				SWIFT_COMPILATION_MODE = wholemodule;
				SWIFT_OPTIMIZATION_LEVEL = "-O";
				VALIDATE_PRODUCT = YES;
			};
			name = Release;
		};
		88366E0E27A89BD3004EE22C /* Debug */ = {
			isa = XCBuildConfiguration;
			baseConfigurationReference = 62E7FBA80E8231DF9154E945 /* Pods-challenge-food.debug.xcconfig */;
			buildSettings = {
				ASSETCATALOG_COMPILER_APPICON_NAME = AppIcon;
				ASSETCATALOG_COMPILER_GLOBAL_ACCENT_COLOR_NAME = AccentColor;
				CODE_SIGN_STYLE = Automatic;
				CURRENT_PROJECT_VERSION = 1;
				DEVELOPMENT_TEAM = MMDTV8J5UC;
				GENERATE_INFOPLIST_FILE = YES;
				INFOPLIST_FILE = "challenge-food/Info.plist";
				INFOPLIST_KEY_UIApplicationSupportsIndirectInputEvents = YES;
				INFOPLIST_KEY_UILaunchStoryboardName = LaunchScreen;
				INFOPLIST_KEY_UIMainStoryboardFile = Main;
				INFOPLIST_KEY_UISupportedInterfaceOrientations_iPad = "UIInterfaceOrientationPortrait UIInterfaceOrientationPortraitUpsideDown UIInterfaceOrientationLandscapeLeft UIInterfaceOrientationLandscapeRight";
				INFOPLIST_KEY_UISupportedInterfaceOrientations_iPhone = "UIInterfaceOrientationPortrait UIInterfaceOrientationLandscapeLeft UIInterfaceOrientationLandscapeRight";
				LD_RUNPATH_SEARCH_PATHS = (
					"$(inherited)",
					"@executable_path/Frameworks",
				);
				MARKETING_VERSION = 1.0;
				PRODUCT_BUNDLE_IDENTIFIER = "com.rodrigotorres.challenge-food";
				PRODUCT_NAME = "$(TARGET_NAME)";
				SWIFT_EMIT_LOC_STRINGS = YES;
				SWIFT_VERSION = 5.0;
				TARGETED_DEVICE_FAMILY = "1,2";
			};
			name = Debug;
		};
		88366E0F27A89BD3004EE22C /* Release */ = {
			isa = XCBuildConfiguration;
			baseConfigurationReference = 92188A024A135C9DE2B05EFE /* Pods-challenge-food.release.xcconfig */;
			buildSettings = {
				ASSETCATALOG_COMPILER_APPICON_NAME = AppIcon;
				ASSETCATALOG_COMPILER_GLOBAL_ACCENT_COLOR_NAME = AccentColor;
				CODE_SIGN_STYLE = Automatic;
				CURRENT_PROJECT_VERSION = 1;
				DEVELOPMENT_TEAM = MMDTV8J5UC;
				GENERATE_INFOPLIST_FILE = YES;
				INFOPLIST_FILE = "challenge-food/Info.plist";
				INFOPLIST_KEY_UIApplicationSupportsIndirectInputEvents = YES;
				INFOPLIST_KEY_UILaunchStoryboardName = LaunchScreen;
				INFOPLIST_KEY_UIMainStoryboardFile = Main;
				INFOPLIST_KEY_UISupportedInterfaceOrientations_iPad = "UIInterfaceOrientationPortrait UIInterfaceOrientationPortraitUpsideDown UIInterfaceOrientationLandscapeLeft UIInterfaceOrientationLandscapeRight";
				INFOPLIST_KEY_UISupportedInterfaceOrientations_iPhone = "UIInterfaceOrientationPortrait UIInterfaceOrientationLandscapeLeft UIInterfaceOrientationLandscapeRight";
				LD_RUNPATH_SEARCH_PATHS = (
					"$(inherited)",
					"@executable_path/Frameworks",
				);
				MARKETING_VERSION = 1.0;
				PRODUCT_BUNDLE_IDENTIFIER = "com.rodrigotorres.challenge-food";
				PRODUCT_NAME = "$(TARGET_NAME)";
				SWIFT_EMIT_LOC_STRINGS = YES;
				SWIFT_VERSION = 5.0;
				TARGETED_DEVICE_FAMILY = "1,2";
			};
			name = Release;
		};
		88366E1127A89BD3004EE22C /* Debug */ = {
			isa = XCBuildConfiguration;
			baseConfigurationReference = AD3D9BE48B964F4E01F5D09E /* Pods-challenge-foodTests.debug.xcconfig */;
			buildSettings = {
				ALWAYS_EMBED_SWIFT_STANDARD_LIBRARIES = YES;
				BUNDLE_LOADER = "$(TEST_HOST)";
				CODE_SIGN_STYLE = Automatic;
				CURRENT_PROJECT_VERSION = 1;
				DEVELOPMENT_TEAM = MMDTV8J5UC;
				GENERATE_INFOPLIST_FILE = YES;
				IPHONEOS_DEPLOYMENT_TARGET = 15.2;
				MARKETING_VERSION = 1.0;
				PRODUCT_BUNDLE_IDENTIFIER = "com.rodrigotorres.challenge-foodTests";
				PRODUCT_NAME = "$(TARGET_NAME)";
				SWIFT_EMIT_LOC_STRINGS = NO;
				SWIFT_VERSION = 5.0;
				TARGETED_DEVICE_FAMILY = "1,2";
				TEST_HOST = "$(BUILT_PRODUCTS_DIR)/challenge-food.app/challenge-food";
			};
			name = Debug;
		};
		88366E1227A89BD3004EE22C /* Release */ = {
			isa = XCBuildConfiguration;
			baseConfigurationReference = B7B69FAFDF877D451B30ED77 /* Pods-challenge-foodTests.release.xcconfig */;
			buildSettings = {
				ALWAYS_EMBED_SWIFT_STANDARD_LIBRARIES = YES;
				BUNDLE_LOADER = "$(TEST_HOST)";
				CODE_SIGN_STYLE = Automatic;
				CURRENT_PROJECT_VERSION = 1;
				DEVELOPMENT_TEAM = MMDTV8J5UC;
				GENERATE_INFOPLIST_FILE = YES;
				IPHONEOS_DEPLOYMENT_TARGET = 15.2;
				MARKETING_VERSION = 1.0;
				PRODUCT_BUNDLE_IDENTIFIER = "com.rodrigotorres.challenge-foodTests";
				PRODUCT_NAME = "$(TARGET_NAME)";
				SWIFT_EMIT_LOC_STRINGS = NO;
				SWIFT_VERSION = 5.0;
				TARGETED_DEVICE_FAMILY = "1,2";
				TEST_HOST = "$(BUILT_PRODUCTS_DIR)/challenge-food.app/challenge-food";
			};
			name = Release;
		};
		88366E1427A89BD3004EE22C /* Debug */ = {
			isa = XCBuildConfiguration;
			baseConfigurationReference = 85C21AD71B439E29A3085E5E /* Pods-challenge-food-challenge-foodUITests.debug.xcconfig */;
			buildSettings = {
				ALWAYS_EMBED_SWIFT_STANDARD_LIBRARIES = YES;
				CODE_SIGN_STYLE = Automatic;
				CURRENT_PROJECT_VERSION = 1;
				DEVELOPMENT_TEAM = MMDTV8J5UC;
				GENERATE_INFOPLIST_FILE = YES;
				MARKETING_VERSION = 1.0;
				PRODUCT_BUNDLE_IDENTIFIER = "com.rodrigotorres.challenge-foodUITests";
				PRODUCT_NAME = "$(TARGET_NAME)";
				SWIFT_EMIT_LOC_STRINGS = NO;
				SWIFT_VERSION = 5.0;
				TARGETED_DEVICE_FAMILY = "1,2";
				TEST_TARGET_NAME = "challenge-food";
			};
			name = Debug;
		};
		88366E1527A89BD3004EE22C /* Release */ = {
			isa = XCBuildConfiguration;
			baseConfigurationReference = D8AD2647AFBE242652982DDF /* Pods-challenge-food-challenge-foodUITests.release.xcconfig */;
			buildSettings = {
				ALWAYS_EMBED_SWIFT_STANDARD_LIBRARIES = YES;
				CODE_SIGN_STYLE = Automatic;
				CURRENT_PROJECT_VERSION = 1;
				DEVELOPMENT_TEAM = MMDTV8J5UC;
				GENERATE_INFOPLIST_FILE = YES;
				MARKETING_VERSION = 1.0;
				PRODUCT_BUNDLE_IDENTIFIER = "com.rodrigotorres.challenge-foodUITests";
				PRODUCT_NAME = "$(TARGET_NAME)";
				SWIFT_EMIT_LOC_STRINGS = NO;
				SWIFT_VERSION = 5.0;
				TARGETED_DEVICE_FAMILY = "1,2";
				TEST_TARGET_NAME = "challenge-food";
			};
			name = Release;
		};
/* End XCBuildConfiguration section */

/* Begin XCConfigurationList section */
		88366DDE27A89BCC004EE22C /* Build configuration list for PBXProject "challenge-food" */ = {
			isa = XCConfigurationList;
			buildConfigurations = (
				88366E0B27A89BD3004EE22C /* Debug */,
				88366E0C27A89BD3004EE22C /* Release */,
			);
			defaultConfigurationIsVisible = 0;
			defaultConfigurationName = Release;
		};
		88366E0D27A89BD3004EE22C /* Build configuration list for PBXNativeTarget "challenge-food" */ = {
			isa = XCConfigurationList;
			buildConfigurations = (
				88366E0E27A89BD3004EE22C /* Debug */,
				88366E0F27A89BD3004EE22C /* Release */,
			);
			defaultConfigurationIsVisible = 0;
			defaultConfigurationName = Release;
		};
		88366E1027A89BD3004EE22C /* Build configuration list for PBXNativeTarget "challenge-foodTests" */ = {
			isa = XCConfigurationList;
			buildConfigurations = (
				88366E1127A89BD3004EE22C /* Debug */,
				88366E1227A89BD3004EE22C /* Release */,
			);
			defaultConfigurationIsVisible = 0;
			defaultConfigurationName = Release;
		};
		88366E1327A89BD3004EE22C /* Build configuration list for PBXNativeTarget "challenge-foodUITests" */ = {
			isa = XCConfigurationList;
			buildConfigurations = (
				88366E1427A89BD3004EE22C /* Debug */,
				88366E1527A89BD3004EE22C /* Release */,
			);
			defaultConfigurationIsVisible = 0;
			defaultConfigurationName = Release;
		};
/* End XCConfigurationList section */
	};
	rootObject = 88366DDB27A89BCC004EE22C /* Project object */;
}
